// !$*UTF8*$!
{
	archiveVersion = 1;
	classes = {
	};
	objectVersion = 45;
	objects = {

/* Begin PBXBuildFile section */
		1DDD582D0DA1D0D100B32029 /* MainMenu.xib in Resources */ = {isa = PBXBuildFile; fileRef = 1DDD582A0DA1D0D100B32029 /* MainMenu.xib */; };
		494FE80E0F440F8300608BC8 /* ClothoLogger.m in Sources */ = {isa = PBXBuildFile; fileRef = 494FE80D0F440F8300608BC8 /* ClothoLogger.m */; };
		49800A5F10BDB412002EC97E /* UKFileWatcher.m in Sources */ = {isa = PBXBuildFile; fileRef = 49800A5710BDB412002EC97E /* UKFileWatcher.m */; };
		49800A6010BDB412002EC97E /* UKFNSubscribeFileWatcher.m in Sources */ = {isa = PBXBuildFile; fileRef = 49800A5910BDB412002EC97E /* UKFNSubscribeFileWatcher.m */; };
		49800A6110BDB412002EC97E /* UKKQueue Readme.txt in Resources */ = {isa = PBXBuildFile; fileRef = 49800A5A10BDB412002EC97E /* UKKQueue Readme.txt */; };
		49800A6210BDB412002EC97E /* UKKQueue.m in Sources */ = {isa = PBXBuildFile; fileRef = 49800A5C10BDB412002EC97E /* UKKQueue.m */; };
		49800A6310BDB412002EC97E /* UKMainThreadProxy.m in Sources */ = {isa = PBXBuildFile; fileRef = 49800A5E10BDB412002EC97E /* UKMainThreadProxy.m */; };
		498B7279112EFE79005DF72D /* lachisis_512_log.icns in Resources */ = {isa = PBXBuildFile; fileRef = 498B7278112EFE79005DF72D /* lachisis_512_log.icns */; };
		498CCE360FC88CB800A153B1 /* ProcessStateKeyValue.plist in Resources */ = {isa = PBXBuildFile; fileRef = 498CCE350FC88CB800A153B1 /* ProcessStateKeyValue.plist */; };
		49E081050FE61BB9006E4AA3 /* InfoPlist.strings in Resources */ = {isa = PBXBuildFile; fileRef = 49E081030FE61BB9006E4AA3 /* InfoPlist.strings */; };
		49EB68040FD33E8A0053663A /* ProcessIDKeyValue.plist in Resources */ = {isa = PBXBuildFile; fileRef = 49EB68030FD33E8A0053663A /* ProcessIDKeyValue.plist */; };
		7F4F33FA0E9EC1800061161A /* ClothoiTunesWatcher.m in Sources */ = {isa = PBXBuildFile; fileRef = 7F4F33F30E9EC1800061161A /* ClothoiTunesWatcher.m */; };
		7F4F33FB0E9EC1800061161A /* ClothoProcessWatcher.m in Sources */ = {isa = PBXBuildFile; fileRef = 7F4F33F50E9EC1800061161A /* ClothoProcessWatcher.m */; };
		7F4F33FC0E9EC1800061161A /* ClothoScreenWatcher.m in Sources */ = {isa = PBXBuildFile; fileRef = 7F4F33F70E9EC1800061161A /* ClothoScreenWatcher.m */; };
		7F4F33FD0E9EC1800061161A /* ClothoTaskPrompter.m in Sources */ = {isa = PBXBuildFile; fileRef = 7F4F33F90E9EC1800061161A /* ClothoTaskPrompter.m */; };
		7F4F34040E9EC1890061161A /* DisciplineController.m in Sources */ = {isa = PBXBuildFile; fileRef = 7F4F33FF0E9EC1890061161A /* DisciplineController.m */; };
		7F4F34050E9EC1890061161A /* DisciplineTaskPrompter.m in Sources */ = {isa = PBXBuildFile; fileRef = 7F4F34010E9EC1890061161A /* DisciplineTaskPrompter.m */; };
		7F4F34060E9EC1890061161A /* DXApp.m in Sources */ = {isa = PBXBuildFile; fileRef = 7F4F34020E9EC1890061161A /* DXApp.m */; };
		7FBEB3D60E9888B000E240EC /* DisciplineSilhouette.pdf in Resources */ = {isa = PBXBuildFile; fileRef = 7FBEB3D50E9888B000E240EC /* DisciplineSilhouette.pdf */; };
		7FBEB4E80E9919ED00E240EC /* ApplicationServices.framework in Frameworks */ = {isa = PBXBuildFile; fileRef = 7FBEB4E70E9919ED00E240EC /* ApplicationServices.framework */; };
		7FDBF5410E99BB8A00DD9B7F /* DisciplineTaskPrompt.xib in Resources */ = {isa = PBXBuildFile; fileRef = 7FDBF53F0E99BB8A00DD9B7F /* DisciplineTaskPrompt.xib */; };
		7FDBF5440E99BB9B00DD9B7F /* ClothoTaskPrompt.xib in Resources */ = {isa = PBXBuildFile; fileRef = 7FDBF5420E99BB9B00DD9B7F /* ClothoTaskPrompt.xib */; };
		7FDD12720EC285E5004C5873 /* GTMAXUIElement.m in Sources */ = {isa = PBXBuildFile; fileRef = 7FDD12700EC285E5004C5873 /* GTMAXUIElement.m */; };
		7FE5450D0E86294000DD28E4 /* NDProcess.m in Sources */ = {isa = PBXBuildFile; fileRef = 7FE544FC0E86294000DD28E4 /* NDProcess.m */; };
		7FE5450E0E86294000DD28E4 /* NSString+NDCarbonUtilities.m in Sources */ = {isa = PBXBuildFile; fileRef = 7FE544FF0E86294000DD28E4 /* NSString+NDCarbonUtilities.m */; };
		7FE5450F0E86294000DD28E4 /* NSURL+NDCarbonUtilities.m in Sources */ = {isa = PBXBuildFile; fileRef = 7FE545010E86294000DD28E4 /* NSURL+NDCarbonUtilities.m */; };
		7FE545100E86294000DD28E4 /* QSAccessibility.m in Sources */ = {isa = PBXBuildFile; fileRef = 7FE545030E86294000DD28E4 /* QSAccessibility.m */; };
		7FE545110E86294000DD28E4 /* QSIdleWatcher.m in Sources */ = {isa = PBXBuildFile; fileRef = 7FE545050E86294000DD28E4 /* QSIdleWatcher.m */; };
		7FE545120E86294000DD28E4 /* main.m in Sources */ = {isa = PBXBuildFile; fileRef = 7FE545070E86294000DD28E4 /* main.m */; };
		7FE5451A0E8629D600DD28E4 /* SecurityFoundation.framework in Frameworks */ = {isa = PBXBuildFile; fileRef = 7FE545190E8629D600DD28E4 /* SecurityFoundation.framework */; };
		7FE5451F0E8629DE00DD28E4 /* Carbon.framework in Frameworks */ = {isa = PBXBuildFile; fileRef = 7FE5451E0E8629DE00DD28E4 /* Carbon.framework */; };
		7FE545250E8629E500DD28E4 /* SecurityInterface.framework in Frameworks */ = {isa = PBXBuildFile; fileRef = 7FE545240E8629E500DD28E4 /* SecurityInterface.framework */; };
		7FE5452A0E8629EB00DD28E4 /* Security.framework in Frameworks */ = {isa = PBXBuildFile; fileRef = 7FE545290E8629EB00DD28E4 /* Security.framework */; };
		7FE546450E86B1B000DD28E4 /* Discipline.icns in Resources */ = {isa = PBXBuildFile; fileRef = 7FE546440E86B1B000DD28E4 /* Discipline.icns */; };
		7FE546470E86B1B900DD28E4 /* Whip.aiff in Resources */ = {isa = PBXBuildFile; fileRef = 7FE546460E86B1B900DD28E4 /* Whip.aiff */; };
		8D15AC2C0486D014006FF6A4 /* Credits.rtf in Resources */ = {isa = PBXBuildFile; fileRef = 2A37F4B9FDCFA73011CA2CEA /* Credits.rtf */; };
		8D15AC340486D014006FF6A4 /* Cocoa.framework in Frameworks */ = {isa = PBXBuildFile; fileRef = 1058C7A7FEA54F5311CA2CBB /* Cocoa.framework */; };
/* End PBXBuildFile section */

/* Begin PBXFileReference section */
		1058C7A7FEA54F5311CA2CBB /* Cocoa.framework */ = {isa = PBXFileReference; lastKnownFileType = wrapper.framework; name = Cocoa.framework; path = /System/Library/Frameworks/Cocoa.framework; sourceTree = "<absolute>"; };
		13E42FBA07B3F13500E4EEF1 /* CoreData.framework */ = {isa = PBXFileReference; lastKnownFileType = wrapper.framework; name = CoreData.framework; path = /System/Library/Frameworks/CoreData.framework; sourceTree = "<absolute>"; };
		1DDD582B0DA1D0D100B32029 /* English */ = {isa = PBXFileReference; lastKnownFileType = file.xib; name = English; path = English.lproj/MainMenu.xib; sourceTree = "<group>"; };
		2A37F4BAFDCFA73011CA2CEA /* English */ = {isa = PBXFileReference; lastKnownFileType = text.rtf; name = English; path = English.lproj/Credits.rtf; sourceTree = "<group>"; };
		2A37F4C4FDCFA73011CA2CEA /* AppKit.framework */ = {isa = PBXFileReference; lastKnownFileType = wrapper.framework; name = AppKit.framework; path = /System/Library/Frameworks/AppKit.framework; sourceTree = "<absolute>"; };
		2A37F4C5FDCFA73011CA2CEA /* Foundation.framework */ = {isa = PBXFileReference; lastKnownFileType = wrapper.framework; name = Foundation.framework; path = /System/Library/Frameworks/Foundation.framework; sourceTree = "<absolute>"; };
		494FE80C0F440F8300608BC8 /* ClothoLogger.h */ = {isa = PBXFileReference; fileEncoding = 4; lastKnownFileType = sourcecode.c.h; path = ClothoLogger.h; sourceTree = "<group>"; };
		494FE80D0F440F8300608BC8 /* ClothoLogger.m */ = {isa = PBXFileReference; fileEncoding = 4; lastKnownFileType = sourcecode.c.objc; path = ClothoLogger.m; sourceTree = "<group>"; };
		49800A5610BDB412002EC97E /* UKFileWatcher.h */ = {isa = PBXFileReference; fileEncoding = 4; lastKnownFileType = sourcecode.c.h; path = UKFileWatcher.h; sourceTree = "<group>"; };
		49800A5710BDB412002EC97E /* UKFileWatcher.m */ = {isa = PBXFileReference; fileEncoding = 4; lastKnownFileType = sourcecode.c.objc; path = UKFileWatcher.m; sourceTree = "<group>"; };
		49800A5810BDB412002EC97E /* UKFNSubscribeFileWatcher.h */ = {isa = PBXFileReference; fileEncoding = 4; lastKnownFileType = sourcecode.c.h; path = UKFNSubscribeFileWatcher.h; sourceTree = "<group>"; };
		49800A5910BDB412002EC97E /* UKFNSubscribeFileWatcher.m */ = {isa = PBXFileReference; fileEncoding = 4; lastKnownFileType = sourcecode.c.objc; path = UKFNSubscribeFileWatcher.m; sourceTree = "<group>"; };
		49800A5A10BDB412002EC97E /* UKKQueue Readme.txt */ = {isa = PBXFileReference; fileEncoding = 4; lastKnownFileType = text; path = "UKKQueue Readme.txt"; sourceTree = "<group>"; };
		49800A5B10BDB412002EC97E /* UKKQueue.h */ = {isa = PBXFileReference; fileEncoding = 4; lastKnownFileType = sourcecode.c.h; path = UKKQueue.h; sourceTree = "<group>"; };
		49800A5C10BDB412002EC97E /* UKKQueue.m */ = {isa = PBXFileReference; fileEncoding = 4; lastKnownFileType = sourcecode.c.objc; path = UKKQueue.m; sourceTree = "<group>"; };
		49800A5D10BDB412002EC97E /* UKMainThreadProxy.h */ = {isa = PBXFileReference; fileEncoding = 4; lastKnownFileType = sourcecode.c.h; path = UKMainThreadProxy.h; sourceTree = "<group>"; };
		49800A5E10BDB412002EC97E /* UKMainThreadProxy.m */ = {isa = PBXFileReference; fileEncoding = 4; lastKnownFileType = sourcecode.c.objc; path = UKMainThreadProxy.m; sourceTree = "<group>"; };
		498B7278112EFE79005DF72D /* lachisis_512_log.icns */ = {isa = PBXFileReference; lastKnownFileType = image.icns; path = lachisis_512_log.icns; sourceTree = "<group>"; };
		498CCE350FC88CB800A153B1 /* ProcessStateKeyValue.plist */ = {isa = PBXFileReference; fileEncoding = 4; lastKnownFileType = text.plist.xml; path = ProcessStateKeyValue.plist; sourceTree = "<group>"; };
		49B76AF310BF2BAD00FF0DCA /* Lachesis Logger_Prefix.pch */ = {isa = PBXFileReference; fileEncoding = 4; lastKnownFileType = sourcecode.c.h; path = "Lachesis Logger_Prefix.pch"; sourceTree = "<group>"; };
		49E081040FE61BB9006E4AA3 /* English */ = {isa = PBXFileReference; fileEncoding = 4; lastKnownFileType = text.plist.strings; name = English; path = English.lproj/InfoPlist.strings; sourceTree = "<group>"; };
		49EB68030FD33E8A0053663A /* ProcessIDKeyValue.plist */ = {isa = PBXFileReference; fileEncoding = 4; lastKnownFileType = text.plist.xml; path = ProcessIDKeyValue.plist; sourceTree = "<group>"; };
		7F4F33F20E9EC1800061161A /* ClothoiTunesWatcher.h */ = {isa = PBXFileReference; fileEncoding = 4; lastKnownFileType = sourcecode.c.h; name = ClothoiTunesWatcher.h; path = Capture/ClothoiTunesWatcher.h; sourceTree = "<group>"; };
		7F4F33F30E9EC1800061161A /* ClothoiTunesWatcher.m */ = {isa = PBXFileReference; fileEncoding = 4; lastKnownFileType = sourcecode.c.objc; name = ClothoiTunesWatcher.m; path = Capture/ClothoiTunesWatcher.m; sourceTree = "<group>"; };
		7F4F33F40E9EC1800061161A /* ClothoProcessWatcher.h */ = {isa = PBXFileReference; fileEncoding = 4; lastKnownFileType = sourcecode.c.h; name = ClothoProcessWatcher.h; path = Capture/ClothoProcessWatcher.h; sourceTree = "<group>"; };
		7F4F33F50E9EC1800061161A /* ClothoProcessWatcher.m */ = {isa = PBXFileReference; fileEncoding = 4; lastKnownFileType = sourcecode.c.objc; name = ClothoProcessWatcher.m; path = Capture/ClothoProcessWatcher.m; sourceTree = "<group>"; };
		7F4F33F60E9EC1800061161A /* ClothoScreenWatcher.h */ = {isa = PBXFileReference; fileEncoding = 4; lastKnownFileType = sourcecode.c.h; name = ClothoScreenWatcher.h; path = Capture/ClothoScreenWatcher.h; sourceTree = "<group>"; };
		7F4F33F70E9EC1800061161A /* ClothoScreenWatcher.m */ = {isa = PBXFileReference; fileEncoding = 4; lastKnownFileType = sourcecode.c.objc; name = ClothoScreenWatcher.m; path = Capture/ClothoScreenWatcher.m; sourceTree = "<group>"; };
		7F4F33F80E9EC1800061161A /* ClothoTaskPrompter.h */ = {isa = PBXFileReference; fileEncoding = 4; lastKnownFileType = sourcecode.c.h; name = ClothoTaskPrompter.h; path = Capture/ClothoTaskPrompter.h; sourceTree = "<group>"; };
		7F4F33F90E9EC1800061161A /* ClothoTaskPrompter.m */ = {isa = PBXFileReference; fileEncoding = 4; lastKnownFileType = sourcecode.c.objc; name = ClothoTaskPrompter.m; path = Capture/ClothoTaskPrompter.m; sourceTree = "<group>"; };
		7F4F33FE0E9EC1890061161A /* DisciplineController.h */ = {isa = PBXFileReference; fileEncoding = 4; lastKnownFileType = sourcecode.c.h; name = DisciplineController.h; path = Discipline/DisciplineController.h; sourceTree = "<group>"; };
		7F4F33FF0E9EC1890061161A /* DisciplineController.m */ = {isa = PBXFileReference; fileEncoding = 4; lastKnownFileType = sourcecode.c.objc; name = DisciplineController.m; path = Discipline/DisciplineController.m; sourceTree = "<group>"; };
		7F4F34000E9EC1890061161A /* DisciplineTaskPrompter.h */ = {isa = PBXFileReference; fileEncoding = 4; lastKnownFileType = sourcecode.c.h; name = DisciplineTaskPrompter.h; path = Discipline/DisciplineTaskPrompter.h; sourceTree = "<group>"; };
		7F4F34010E9EC1890061161A /* DisciplineTaskPrompter.m */ = {isa = PBXFileReference; fileEncoding = 4; lastKnownFileType = sourcecode.c.objc; name = DisciplineTaskPrompter.m; path = Discipline/DisciplineTaskPrompter.m; sourceTree = "<group>"; };
		7F4F34020E9EC1890061161A /* DXApp.m */ = {isa = PBXFileReference; fileEncoding = 4; lastKnownFileType = sourcecode.c.objc; name = DXApp.m; path = Discipline/DXApp.m; sourceTree = "<group>"; };
		7F4F34030E9EC1890061161A /* DXApp.h */ = {isa = PBXFileReference; fileEncoding = 4; lastKnownFileType = sourcecode.c.h; name = DXApp.h; path = Discipline/DXApp.h; sourceTree = "<group>"; };
		7FBEB3D50E9888B000E240EC /* DisciplineSilhouette.pdf */ = {isa = PBXFileReference; lastKnownFileType = image.pdf; name = DisciplineSilhouette.pdf; path = Resources/DisciplineSilhouette.pdf; sourceTree = "<group>"; };
		7FBEB4E70E9919ED00E240EC /* ApplicationServices.framework */ = {isa = PBXFileReference; lastKnownFileType = wrapper.framework; name = ApplicationServices.framework; path = System/Library/Frameworks/ApplicationServices.framework; sourceTree = SDKROOT; };
		7FDBF5400E99BB8A00DD9B7F /* English */ = {isa = PBXFileReference; lastKnownFileType = file.xib; name = English; path = English.lproj/DisciplineTaskPrompt.xib; sourceTree = "<group>"; };
		7FDBF5430E99BB9B00DD9B7F /* English */ = {isa = PBXFileReference; lastKnownFileType = file.xib; name = English; path = English.lproj/ClothoTaskPrompt.xib; sourceTree = "<group>"; };
		7FDD12700EC285E5004C5873 /* GTMAXUIElement.m */ = {isa = PBXFileReference; fileEncoding = 4; lastKnownFileType = sourcecode.c.objc; path = GTMAXUIElement.m; sourceTree = "<group>"; };
		7FDD12710EC285E5004C5873 /* GTMAXUIElement.h */ = {isa = PBXFileReference; fileEncoding = 4; lastKnownFileType = sourcecode.c.h; path = GTMAXUIElement.h; sourceTree = "<group>"; };
		7FE544FB0E86294000DD28E4 /* NDProcess.h */ = {isa = PBXFileReference; fileEncoding = 4; lastKnownFileType = sourcecode.c.h; path = NDProcess.h; sourceTree = "<group>"; };
		7FE544FC0E86294000DD28E4 /* NDProcess.m */ = {isa = PBXFileReference; fileEncoding = 4; lastKnownFileType = sourcecode.c.objc; path = NDProcess.m; sourceTree = "<group>"; };
		7FE544FD0E86294000DD28E4 /* NSEvent+BLTRExtensions.h */ = {isa = PBXFileReference; fileEncoding = 4; lastKnownFileType = sourcecode.c.h; path = "NSEvent+BLTRExtensions.h"; sourceTree = "<group>"; };
		7FE544FE0E86294000DD28E4 /* NSString+NDCarbonUtilities.h */ = {isa = PBXFileReference; fileEncoding = 4; lastKnownFileType = sourcecode.c.h; path = "NSString+NDCarbonUtilities.h"; sourceTree = "<group>"; };
		7FE544FF0E86294000DD28E4 /* NSString+NDCarbonUtilities.m */ = {isa = PBXFileReference; fileEncoding = 4; lastKnownFileType = sourcecode.c.objc; path = "NSString+NDCarbonUtilities.m"; sourceTree = "<group>"; };
		7FE545000E86294000DD28E4 /* NSURL+NDCarbonUtilities.h */ = {isa = PBXFileReference; fileEncoding = 4; lastKnownFileType = sourcecode.c.h; path = "NSURL+NDCarbonUtilities.h"; sourceTree = "<group>"; };
		7FE545010E86294000DD28E4 /* NSURL+NDCarbonUtilities.m */ = {isa = PBXFileReference; fileEncoding = 4; lastKnownFileType = sourcecode.c.objc; path = "NSURL+NDCarbonUtilities.m"; sourceTree = "<group>"; };
		7FE545020E86294000DD28E4 /* QSAccessibility.h */ = {isa = PBXFileReference; fileEncoding = 4; lastKnownFileType = sourcecode.c.h; path = QSAccessibility.h; sourceTree = "<group>"; };
		7FE545030E86294000DD28E4 /* QSAccessibility.m */ = {isa = PBXFileReference; fileEncoding = 4; lastKnownFileType = sourcecode.c.objc; path = QSAccessibility.m; sourceTree = "<group>"; };
		7FE545040E86294000DD28E4 /* QSIdleWatcher.h */ = {isa = PBXFileReference; fileEncoding = 4; lastKnownFileType = sourcecode.c.h; path = QSIdleWatcher.h; sourceTree = "<group>"; };
		7FE545050E86294000DD28E4 /* QSIdleWatcher.m */ = {isa = PBXFileReference; fileEncoding = 4; lastKnownFileType = sourcecode.c.objc; path = QSIdleWatcher.m; sourceTree = "<group>"; };
		7FE545060E86294000DD28E4 /* QSMacros.h */ = {isa = PBXFileReference; fileEncoding = 4; lastKnownFileType = sourcecode.c.h; path = QSMacros.h; sourceTree = "<group>"; };
		7FE545070E86294000DD28E4 /* main.m */ = {isa = PBXFileReference; fileEncoding = 4; lastKnownFileType = sourcecode.c.objc; name = main.m; path = Code/main.m; sourceTree = "<group>"; };
		7FE545190E8629D600DD28E4 /* SecurityFoundation.framework */ = {isa = PBXFileReference; lastKnownFileType = wrapper.framework; name = SecurityFoundation.framework; path = System/Library/Frameworks/SecurityFoundation.framework; sourceTree = SDKROOT; };
		7FE5451E0E8629DE00DD28E4 /* Carbon.framework */ = {isa = PBXFileReference; lastKnownFileType = wrapper.framework; name = Carbon.framework; path = System/Library/Frameworks/Carbon.framework; sourceTree = SDKROOT; };
		7FE545240E8629E500DD28E4 /* SecurityInterface.framework */ = {isa = PBXFileReference; lastKnownFileType = wrapper.framework; name = SecurityInterface.framework; path = System/Library/Frameworks/SecurityInterface.framework; sourceTree = SDKROOT; };
		7FE545290E8629EB00DD28E4 /* Security.framework */ = {isa = PBXFileReference; lastKnownFileType = wrapper.framework; name = Security.framework; path = System/Library/Frameworks/Security.framework; sourceTree = SDKROOT; };
		7FE546440E86B1B000DD28E4 /* Discipline.icns */ = {isa = PBXFileReference; lastKnownFileType = image.icns; name = Discipline.icns; path = Resources/Discipline.icns; sourceTree = "<group>"; };
		7FE546460E86B1B900DD28E4 /* Whip.aiff */ = {isa = PBXFileReference; lastKnownFileType = audio.aiff; name = Whip.aiff; path = Resources/Whip.aiff; sourceTree = "<group>"; };
		8D15AC360486D014006FF6A4 /* Info.plist */ = {isa = PBXFileReference; fileEncoding = 4; lastKnownFileType = text.plist.xml; path = Info.plist; sourceTree = "<group>"; };
		8D15AC370486D014006FF6A4 /* Lachesis Logger.app */ = {isa = PBXFileReference; explicitFileType = wrapper.application; includeInIndex = 0; path = "Lachesis Logger.app"; sourceTree = BUILT_PRODUCTS_DIR; };
/* End PBXFileReference section */

/* Begin PBXFrameworksBuildPhase section */
		8D15AC330486D014006FF6A4 /* Frameworks */ = {
			isa = PBXFrameworksBuildPhase;
			buildActionMask = 2147483647;
			files = (
				8D15AC340486D014006FF6A4 /* Cocoa.framework in Frameworks */,
				7FE5451A0E8629D600DD28E4 /* SecurityFoundation.framework in Frameworks */,
				7FE5451F0E8629DE00DD28E4 /* Carbon.framework in Frameworks */,
				7FE545250E8629E500DD28E4 /* SecurityInterface.framework in Frameworks */,
				7FE5452A0E8629EB00DD28E4 /* Security.framework in Frameworks */,
				7FBEB4E80E9919ED00E240EC /* ApplicationServices.framework in Frameworks */,
			);
			runOnlyForDeploymentPostprocessing = 0;
		};
/* End PBXFrameworksBuildPhase section */

/* Begin PBXGroup section */
		1058C7A6FEA54F5311CA2CBB /* Linked Frameworks */ = {
			isa = PBXGroup;
			children = (
				1058C7A7FEA54F5311CA2CBB /* Cocoa.framework */,
			);
			name = "Linked Frameworks";
			sourceTree = "<group>";
		};
		1058C7A8FEA54F5311CA2CBB /* Other Frameworks */ = {
			isa = PBXGroup;
			children = (
				2A37F4C4FDCFA73011CA2CEA /* AppKit.framework */,
				13E42FBA07B3F13500E4EEF1 /* CoreData.framework */,
				2A37F4C5FDCFA73011CA2CEA /* Foundation.framework */,
			);
			name = "Other Frameworks";
			sourceTree = "<group>";
		};
		19C28FB0FE9D524F11CA2CBB /* Products */ = {
			isa = PBXGroup;
			children = (
				8D15AC370486D014006FF6A4 /* Lachesis Logger.app */,
			);
			name = Products;
			sourceTree = "<group>";
		};
		2A37F4AAFDCFA73011CA2CEA /* Discipline */ = {
			isa = PBXGroup;
			children = (
				7FE544F70E86294000DD28E4 /* Code */,
				2A37F4AFFDCFA73011CA2CEA /* Other Sources */,
				2A37F4B8FDCFA73011CA2CEA /* Resources */,
				2A37F4C3FDCFA73011CA2CEA /* Frameworks */,
				19C28FB0FE9D524F11CA2CBB /* Products */,
				7FE545190E8629D600DD28E4 /* SecurityFoundation.framework */,
				7FE5451E0E8629DE00DD28E4 /* Carbon.framework */,
				7FE545240E8629E500DD28E4 /* SecurityInterface.framework */,
				7FE545290E8629EB00DD28E4 /* Security.framework */,
				7FBEB4E70E9919ED00E240EC /* ApplicationServices.framework */,
			);
			name = Discipline;
			sourceTree = "<group>";
		};
		2A37F4AFFDCFA73011CA2CEA /* Other Sources */ = {
			isa = PBXGroup;
			children = (
				7FE545070E86294000DD28E4 /* main.m */,
				49B76AF310BF2BAD00FF0DCA /* Lachesis Logger_Prefix.pch */,
			);
			name = "Other Sources";
			sourceTree = "<group>";
		};
		2A37F4B8FDCFA73011CA2CEA /* Resources */ = {
			isa = PBXGroup;
			children = (
				498B7278112EFE79005DF72D /* lachisis_512_log.icns */,
				49E081030FE61BB9006E4AA3 /* InfoPlist.strings */,
				7FDBF53F0E99BB8A00DD9B7F /* DisciplineTaskPrompt.xib */,
				7FDBF5420E99BB9B00DD9B7F /* ClothoTaskPrompt.xib */,
				7FBEB3D50E9888B000E240EC /* DisciplineSilhouette.pdf */,
				7FE546460E86B1B900DD28E4 /* Whip.aiff */,
				7FE546440E86B1B000DD28E4 /* Discipline.icns */,
				2A37F4B9FDCFA73011CA2CEA /* Credits.rtf */,
				8D15AC360486D014006FF6A4 /* Info.plist */,
				1DDD582A0DA1D0D100B32029 /* MainMenu.xib */,
				498CCE350FC88CB800A153B1 /* ProcessStateKeyValue.plist */,
				49EB68030FD33E8A0053663A /* ProcessIDKeyValue.plist */,
			);
			name = Resources;
			sourceTree = "<group>";
		};
		2A37F4C3FDCFA73011CA2CEA /* Frameworks */ = {
			isa = PBXGroup;
			children = (
				1058C7A6FEA54F5311CA2CBB /* Linked Frameworks */,
				1058C7A8FEA54F5311CA2CBB /* Other Frameworks */,
			);
			name = Frameworks;
			sourceTree = "<group>";
		};
		49800A5510BDB412002EC97E /* UKKQueue */ = {
			isa = PBXGroup;
			children = (
				49800A5610BDB412002EC97E /* UKFileWatcher.h */,
				49800A5710BDB412002EC97E /* UKFileWatcher.m */,
				49800A5810BDB412002EC97E /* UKFNSubscribeFileWatcher.h */,
				49800A5910BDB412002EC97E /* UKFNSubscribeFileWatcher.m */,
				49800A5A10BDB412002EC97E /* UKKQueue Readme.txt */,
				49800A5B10BDB412002EC97E /* UKKQueue.h */,
				49800A5C10BDB412002EC97E /* UKKQueue.m */,
				49800A5D10BDB412002EC97E /* UKMainThreadProxy.h */,
				49800A5E10BDB412002EC97E /* UKMainThreadProxy.m */,
			);
			name = UKKQueue;
			path = ../ClothesisData/UKKQueue;
			sourceTree = SOURCE_ROOT;
		};
		7FE544F70E86294000DD28E4 /* Code */ = {
			isa = PBXGroup;
			children = (
				49800A5510BDB412002EC97E /* UKKQueue */,
				7F4F33FE0E9EC1890061161A /* DisciplineController.h */,
				7F4F33FF0E9EC1890061161A /* DisciplineController.m */,
				7F4F34000E9EC1890061161A /* DisciplineTaskPrompter.h */,
				7F4F34010E9EC1890061161A /* DisciplineTaskPrompter.m */,
				7F4F34030E9EC1890061161A /* DXApp.h */,
				7F4F34020E9EC1890061161A /* DXApp.m */,
				7F4F33F20E9EC1800061161A /* ClothoiTunesWatcher.h */,
				7F4F33F30E9EC1800061161A /* ClothoiTunesWatcher.m */,
				7F4F33F40E9EC1800061161A /* ClothoProcessWatcher.h */,
				7F4F33F50E9EC1800061161A /* ClothoProcessWatcher.m */,
				494FE80C0F440F8300608BC8 /* ClothoLogger.h */,
				494FE80D0F440F8300608BC8 /* ClothoLogger.m */,
				7F4F33F60E9EC1800061161A /* ClothoScreenWatcher.h */,
				7F4F33F70E9EC1800061161A /* ClothoScreenWatcher.m */,
				7F4F33F80E9EC1800061161A /* ClothoTaskPrompter.h */,
				7F4F33F90E9EC1800061161A /* ClothoTaskPrompter.m */,
				7FE544FA0E86294000DD28E4 /* External */,
			);
			path = Code;
			sourceTree = "<group>";
		};
		7FE544FA0E86294000DD28E4 /* External */ = {
			isa = PBXGroup;
			children = (
				7FDD12710EC285E5004C5873 /* GTMAXUIElement.h */,
				7FDD12700EC285E5004C5873 /* GTMAXUIElement.m */,
				7FE544FB0E86294000DD28E4 /* NDProcess.h */,
				7FE544FC0E86294000DD28E4 /* NDProcess.m */,
				7FE544FD0E86294000DD28E4 /* NSEvent+BLTRExtensions.h */,
				7FE544FE0E86294000DD28E4 /* NSString+NDCarbonUtilities.h */,
				7FE544FF0E86294000DD28E4 /* NSString+NDCarbonUtilities.m */,
				7FE545000E86294000DD28E4 /* NSURL+NDCarbonUtilities.h */,
				7FE545010E86294000DD28E4 /* NSURL+NDCarbonUtilities.m */,
				7FE545020E86294000DD28E4 /* QSAccessibility.h */,
				7FE545030E86294000DD28E4 /* QSAccessibility.m */,
				7FE545040E86294000DD28E4 /* QSIdleWatcher.h */,
				7FE545050E86294000DD28E4 /* QSIdleWatcher.m */,
				7FE545060E86294000DD28E4 /* QSMacros.h */,
			);
			path = External;
			sourceTree = "<group>";
		};
/* End PBXGroup section */

/* Begin PBXNativeTarget section */
		8D15AC270486D014006FF6A4 /* Lachesis Logger */ = {
			isa = PBXNativeTarget;
			buildConfigurationList = C05733C708A9546B00998B17 /* Build configuration list for PBXNativeTarget "Lachesis Logger" */;
			buildPhases = (
				8D15AC2B0486D014006FF6A4 /* Resources */,
				8D15AC300486D014006FF6A4 /* Sources */,
				8D15AC330486D014006FF6A4 /* Frameworks */,
			);
			buildRules = (
			);
			dependencies = (
			);
			name = "Lachesis Logger";
			productInstallPath = "$(HOME)/Applications";
			productName = Discipline;
			productReference = 8D15AC370486D014006FF6A4 /* Lachesis Logger.app */;
			productType = "com.apple.product-type.application";
		};
/* End PBXNativeTarget section */

/* Begin PBXProject section */
		2A37F4A9FDCFA73011CA2CEA /* Project object */ = {
			isa = PBXProject;
			buildConfigurationList = C05733CB08A9546B00998B17 /* Build configuration list for PBXProject "Lachesis Logger" */;
			compatibilityVersion = "Xcode 3.1";
			hasScannedForEncodings = 1;
			mainGroup = 2A37F4AAFDCFA73011CA2CEA /* Discipline */;
			projectDirPath = "";
			projectRoot = "";
			targets = (
				8D15AC270486D014006FF6A4 /* Lachesis Logger */,
			);
		};
/* End PBXProject section */

/* Begin PBXResourcesBuildPhase section */
		8D15AC2B0486D014006FF6A4 /* Resources */ = {
			isa = PBXResourcesBuildPhase;
			buildActionMask = 2147483647;
			files = (
				8D15AC2C0486D014006FF6A4 /* Credits.rtf in Resources */,
				1DDD582D0DA1D0D100B32029 /* MainMenu.xib in Resources */,
				7FE546450E86B1B000DD28E4 /* Discipline.icns in Resources */,
				7FE546470E86B1B900DD28E4 /* Whip.aiff in Resources */,
				7FBEB3D60E9888B000E240EC /* DisciplineSilhouette.pdf in Resources */,
				7FDBF5410E99BB8A00DD9B7F /* DisciplineTaskPrompt.xib in Resources */,
				7FDBF5440E99BB9B00DD9B7F /* ClothoTaskPrompt.xib in Resources */,
				498CCE360FC88CB800A153B1 /* ProcessStateKeyValue.plist in Resources */,
				49EB68040FD33E8A0053663A /* ProcessIDKeyValue.plist in Resources */,
				49E081050FE61BB9006E4AA3 /* InfoPlist.strings in Resources */,
				49800A6110BDB412002EC97E /* UKKQueue Readme.txt in Resources */,
				498B7279112EFE79005DF72D /* lachisis_512_log.icns in Resources */,
			);
			runOnlyForDeploymentPostprocessing = 0;
		};
/* End PBXResourcesBuildPhase section */

/* Begin PBXSourcesBuildPhase section */
		8D15AC300486D014006FF6A4 /* Sources */ = {
			isa = PBXSourcesBuildPhase;
			buildActionMask = 2147483647;
			files = (
				7FE5450D0E86294000DD28E4 /* NDProcess.m in Sources */,
				7FE5450E0E86294000DD28E4 /* NSString+NDCarbonUtilities.m in Sources */,
				7FE5450F0E86294000DD28E4 /* NSURL+NDCarbonUtilities.m in Sources */,
				7FE545100E86294000DD28E4 /* QSAccessibility.m in Sources */,
				7FE545110E86294000DD28E4 /* QSIdleWatcher.m in Sources */,
				7FE545120E86294000DD28E4 /* main.m in Sources */,
				7F4F33FA0E9EC1800061161A /* ClothoiTunesWatcher.m in Sources */,
				7F4F33FB0E9EC1800061161A /* ClothoProcessWatcher.m in Sources */,
				7F4F33FC0E9EC1800061161A /* ClothoScreenWatcher.m in Sources */,
				7F4F33FD0E9EC1800061161A /* ClothoTaskPrompter.m in Sources */,
				7F4F34040E9EC1890061161A /* DisciplineController.m in Sources */,
				7F4F34050E9EC1890061161A /* DisciplineTaskPrompter.m in Sources */,
				7F4F34060E9EC1890061161A /* DXApp.m in Sources */,
				7FDD12720EC285E5004C5873 /* GTMAXUIElement.m in Sources */,
				494FE80E0F440F8300608BC8 /* ClothoLogger.m in Sources */,
				49800A5F10BDB412002EC97E /* UKFileWatcher.m in Sources */,
				49800A6010BDB412002EC97E /* UKFNSubscribeFileWatcher.m in Sources */,
				49800A6210BDB412002EC97E /* UKKQueue.m in Sources */,
				49800A6310BDB412002EC97E /* UKMainThreadProxy.m in Sources */,
			);
			runOnlyForDeploymentPostprocessing = 0;
		};
/* End PBXSourcesBuildPhase section */

/* Begin PBXVariantGroup section */
		1DDD582A0DA1D0D100B32029 /* MainMenu.xib */ = {
			isa = PBXVariantGroup;
			children = (
				1DDD582B0DA1D0D100B32029 /* English */,
			);
			name = MainMenu.xib;
			sourceTree = "<group>";
		};
		2A37F4B9FDCFA73011CA2CEA /* Credits.rtf */ = {
			isa = PBXVariantGroup;
			children = (
				2A37F4BAFDCFA73011CA2CEA /* English */,
			);
			name = Credits.rtf;
			sourceTree = "<group>";
		};
		49E081030FE61BB9006E4AA3 /* InfoPlist.strings */ = {
			isa = PBXVariantGroup;
			children = (
				49E081040FE61BB9006E4AA3 /* English */,
			);
			name = InfoPlist.strings;
			sourceTree = "<group>";
		};
		7FDBF53F0E99BB8A00DD9B7F /* DisciplineTaskPrompt.xib */ = {
			isa = PBXVariantGroup;
			children = (
				7FDBF5400E99BB8A00DD9B7F /* English */,
			);
			name = DisciplineTaskPrompt.xib;
			sourceTree = "<group>";
		};
		7FDBF5420E99BB9B00DD9B7F /* ClothoTaskPrompt.xib */ = {
			isa = PBXVariantGroup;
			children = (
				7FDBF5430E99BB9B00DD9B7F /* English */,
			);
			name = ClothoTaskPrompt.xib;
			sourceTree = "<group>";
		};
/* End PBXVariantGroup section */

/* Begin XCBuildConfiguration section */
		C05733C808A9546B00998B17 /* Debug */ = {
			isa = XCBuildConfiguration;
			buildSettings = {
				ALWAYS_SEARCH_USER_PATHS = NO;
				COPY_PHASE_STRIP = NO;
				GCC_DYNAMIC_NO_PIC = NO;
				GCC_ENABLE_FIX_AND_CONTINUE = YES;
				GCC_ENABLE_OBJC_GC = supported;
				GCC_MODEL_TUNING = G5;
				GCC_OPTIMIZATION_LEVEL = 0;
				GCC_PRECOMPILE_PREFIX_HEADER = YES;
				GCC_PREFIX_HEADER = "Lachesis Logger_Prefix.pch";
				INFOPLIST_FILE = Info.plist;
				INSTALL_PATH = "$(HOME)/Applications";
				PRODUCT_NAME = "Lachesis Logger";
			};
			name = Debug;
		};
		C05733C908A9546B00998B17 /* Release */ = {
			isa = XCBuildConfiguration;
			buildSettings = {
				ALWAYS_SEARCH_USER_PATHS = NO;
				DEBUG_INFORMATION_FORMAT = "dwarf-with-dsym";
				GCC_MODEL_TUNING = G5;
				GCC_PRECOMPILE_PREFIX_HEADER = YES;
				GCC_PREFIX_HEADER = "Lachesis Logger_Prefix.pch";
				INFOPLIST_FILE = Info.plist;
				INSTALL_PATH = "$(HOME)/Applications";
				PRODUCT_NAME = "Lachesis Logger";
			};
			name = Release;
		};
		C05733CC08A9546B00998B17 /* Debug */ = {
			isa = XCBuildConfiguration;
			buildSettings = {
				ARCHS = "$(ARCHS_STANDARD_32_BIT)";
				GCC_C_LANGUAGE_STANDARD = c99;
				GCC_OPTIMIZATION_LEVEL = 0;
				GCC_WARN_ABOUT_RETURN_TYPE = YES;
				GCC_WARN_UNUSED_VARIABLE = YES;
				ONLY_ACTIVE_ARCH = YES;
				PREBINDING = NO;
				SDKROOT = macosx10.5;
			};
			name = Debug;
		};
		C05733CD08A9546B00998B17 /* Release */ = {
			isa = XCBuildConfiguration;
			buildSettings = {
				ARCHS = "$(ARCHS_STANDARD_32_BIT)";
				GCC_C_LANGUAGE_STANDARD = c99;
				GCC_WARN_ABOUT_RETURN_TYPE = YES;
				GCC_WARN_UNUSED_VARIABLE = YES;
				PREBINDING = NO;
				SDKROOT = macosx10.5;
			};
			name = Release;
		};
/* End XCBuildConfiguration section */

/* Begin XCConfigurationList section */
		C05733C708A9546B00998B17 /* Build configuration list for PBXNativeTarget "Lachesis Logger" */ = {
			isa = XCConfigurationList;
			buildConfigurations = (
				C05733C808A9546B00998B17 /* Debug */,
				C05733C908A9546B00998B17 /* Release */,
			);
			defaultConfigurationIsVisible = 0;
			defaultConfigurationName = Release;
		};
		C05733CB08A9546B00998B17 /* Build configuration list for PBXProject "Lachesis Logger" */ = {
			isa = XCConfigurationList;
			buildConfigurations = (
				C05733CC08A9546B00998B17 /* Debug */,
				C05733CD08A9546B00998B17 /* Release */,
			);
			defaultConfigurationIsVisible = 0;
			defaultConfigurationName = Release;
		};
/* End XCConfigurationList section */
	};
	rootObject = 2A37F4A9FDCFA73011CA2CEA /* Project object */;
}
